// !$*UTF8*$!
{
	archiveVersion = 1;
	classes = {
	};
	objectVersion = 55;
	objects = {

/* Begin PBXBuildFile section */
		9616106E28FBE80400E6823D /* ProductDetailView.swift in Sources */ = {isa = PBXBuildFile; fileRef = 9616106D28FBE80400E6823D /* ProductDetailView.swift */; };
		9616107028FBEB7000E6823D /* Double.swift in Sources */ = {isa = PBXBuildFile; fileRef = 9616106F28FBEB7000E6823D /* Double.swift */; };
		963BFBE528FB127200C7B182 /* ShopModel.swift in Sources */ = {isa = PBXBuildFile; fileRef = 963BFBE428FB127200C7B182 /* ShopModel.swift */; };
		963BFBE728FB12E200C7B182 /* ShopViewModel.swift in Sources */ = {isa = PBXBuildFile; fileRef = 963BFBE628FB12E200C7B182 /* ShopViewModel.swift */; };
		963BFBE928FB144E00C7B182 /* Settings.swift in Sources */ = {isa = PBXBuildFile; fileRef = 963BFBE828FB144E00C7B182 /* Settings.swift */; };
		963BFBEC28FB14DE00C7B182 /* ProductCardView.swift in Sources */ = {isa = PBXBuildFile; fileRef = 963BFBEB28FB14DE00C7B182 /* ProductCardView.swift */; };
		9653591D28F9D30200DE06B4 /* OnlineShopCourseApp.swift in Sources */ = {isa = PBXBuildFile; fileRef = 9653591C28F9D30200DE06B4 /* OnlineShopCourseApp.swift */; };
		9653591F28F9D30200DE06B4 /* OnlineShopView.swift in Sources */ = {isa = PBXBuildFile; fileRef = 9653591E28F9D30200DE06B4 /* OnlineShopView.swift */; };
		9653592128F9D30400DE06B4 /* Assets.xcassets in Resources */ = {isa = PBXBuildFile; fileRef = 9653592028F9D30400DE06B4 /* Assets.xcassets */; };
		9653592428F9D30400DE06B4 /* Preview Assets.xcassets in Resources */ = {isa = PBXBuildFile; fileRef = 9653592328F9D30400DE06B4 /* Preview Assets.xcassets */; };
		9653592B28F9D39900DE06B4 /* ColorTheme.swift in Sources */ = {isa = PBXBuildFile; fileRef = 9653592A28F9D39900DE06B4 /* ColorTheme.swift */; };
		9653592E28F9D46500DE06B4 /* HomeView.swift in Sources */ = {isa = PBXBuildFile; fileRef = 9653592D28F9D46500DE06B4 /* HomeView.swift */; };
		9653593028F9D48700DE06B4 /* ShopView.swift in Sources */ = {isa = PBXBuildFile; fileRef = 9653592F28F9D48700DE06B4 /* ShopView.swift */; };
		9653593228F9D49600DE06B4 /* CartView.swift in Sources */ = {isa = PBXBuildFile; fileRef = 9653593128F9D49600DE06B4 /* CartView.swift */; };
		9653593428F9D4A600DE06B4 /* ProfileView.swift in Sources */ = {isa = PBXBuildFile; fileRef = 9653593328F9D4A600DE06B4 /* ProfileView.swift */; };
/* End PBXBuildFile section */

/* Begin PBXFileReference section */
		9616106D28FBE80400E6823D /* ProductDetailView.swift */ = {isa = PBXFileReference; lastKnownFileType = sourcecode.swift; path = ProductDetailView.swift; sourceTree = "<group>"; };
		9616106F28FBEB7000E6823D /* Double.swift */ = {isa = PBXFileReference; lastKnownFileType = sourcecode.swift; path = Double.swift; sourceTree = "<group>"; };
		963BFBE428FB127200C7B182 /* ShopModel.swift */ = {isa = PBXFileReference; lastKnownFileType = sourcecode.swift; path = ShopModel.swift; sourceTree = "<group>"; };
		963BFBE628FB12E200C7B182 /* ShopViewModel.swift */ = {isa = PBXFileReference; lastKnownFileType = sourcecode.swift; path = ShopViewModel.swift; sourceTree = "<group>"; };
		963BFBE828FB144E00C7B182 /* Settings.swift */ = {isa = PBXFileReference; lastKnownFileType = sourcecode.swift; path = Settings.swift; sourceTree = "<group>"; };
		963BFBEB28FB14DE00C7B182 /* ProductCardView.swift */ = {isa = PBXFileReference; lastKnownFileType = sourcecode.swift; path = ProductCardView.swift; sourceTree = "<group>"; };
		9653591928F9D30200DE06B4 /* OnlineShopCourse.app */ = {isa = PBXFileReference; explicitFileType = wrapper.application; includeInIndex = 0; path = OnlineShopCourse.app; sourceTree = BUILT_PRODUCTS_DIR; };
		9653591C28F9D30200DE06B4 /* OnlineShopCourseApp.swift */ = {isa = PBXFileReference; lastKnownFileType = sourcecode.swift; path = OnlineShopCourseApp.swift; sourceTree = "<group>"; };
		9653591E28F9D30200DE06B4 /* OnlineShopView.swift */ = {isa = PBXFileReference; lastKnownFileType = sourcecode.swift; path = OnlineShopView.swift; sourceTree = "<group>"; };
		9653592028F9D30400DE06B4 /* Assets.xcassets */ = {isa = PBXFileReference; lastKnownFileType = folder.assetcatalog; path = Assets.xcassets; sourceTree = "<group>"; };
		9653592328F9D30400DE06B4 /* Preview Assets.xcassets */ = {isa = PBXFileReference; lastKnownFileType = folder.assetcatalog; path = "Preview Assets.xcassets"; sourceTree = "<group>"; };
		9653592A28F9D39900DE06B4 /* ColorTheme.swift */ = {isa = PBXFileReference; lastKnownFileType = sourcecode.swift; path = ColorTheme.swift; sourceTree = "<group>"; };
		9653592D28F9D46500DE06B4 /* HomeView.swift */ = {isa = PBXFileReference; lastKnownFileType = sourcecode.swift; path = HomeView.swift; sourceTree = "<group>"; };
		9653592F28F9D48700DE06B4 /* ShopView.swift */ = {isa = PBXFileReference; lastKnownFileType = sourcecode.swift; path = ShopView.swift; sourceTree = "<group>"; };
		9653593128F9D49600DE06B4 /* CartView.swift */ = {isa = PBXFileReference; lastKnownFileType = sourcecode.swift; path = CartView.swift; sourceTree = "<group>"; };
		9653593328F9D4A600DE06B4 /* ProfileView.swift */ = {isa = PBXFileReference; lastKnownFileType = sourcecode.swift; path = ProfileView.swift; sourceTree = "<group>"; };
/* End PBXFileReference section */

/* Begin PBXFrameworksBuildPhase section */
		9653591628F9D30200DE06B4 /* Frameworks */ = {
			isa = PBXFrameworksBuildPhase;
			buildActionMask = 2147483647;
			files = (
			);
			runOnlyForDeploymentPostprocessing = 0;
		};
/* End PBXFrameworksBuildPhase section */

/* Begin PBXGroup section */
		963BFBE228FB122C00C7B182 /* Shop */ = {
			isa = PBXGroup;
			children = (
				963BFBE428FB127200C7B182 /* ShopModel.swift */,
				963BFBE628FB12E200C7B182 /* ShopViewModel.swift */,
				9653592F28F9D48700DE06B4 /* ShopView.swift */,
				963BFBED28FB14E200C7B182 /* Product */,
			);
			path = Shop;
			sourceTree = "<group>";
		};
		963BFBE328FB124400C7B182 /* Modules */ = {
			isa = PBXGroup;
			children = (
				963BFBE228FB122C00C7B182 /* Shop */,
			);
			path = Modules;
			sourceTree = "<group>";
		};
		963BFBEA28FB145400C7B182 /* Global */ = {
			isa = PBXGroup;
			children = (
				9653593528F9D4B700DE06B4 /* Extensions */,
				963BFBE828FB144E00C7B182 /* Settings.swift */,
			);
			path = Global;
			sourceTree = "<group>";
		};
		963BFBED28FB14E200C7B182 /* Product */ = {
			isa = PBXGroup;
			children = (
				963BFBEB28FB14DE00C7B182 /* ProductCardView.swift */,
				9616106D28FBE80400E6823D /* ProductDetailView.swift */,
			);
			path = Product;
			sourceTree = "<group>";
		};
		9653591028F9D30100DE06B4 = {
			isa = PBXGroup;
			children = (
				9653591B28F9D30200DE06B4 /* OnlineShopCourse */,
				9653591A28F9D30200DE06B4 /* Products */,
			);
			sourceTree = "<group>";
		};
		9653591A28F9D30200DE06B4 /* Products */ = {
			isa = PBXGroup;
			children = (
				9653591928F9D30200DE06B4 /* OnlineShopCourse.app */,
			);
			name = Products;
			sourceTree = "<group>";
		};
		9653591B28F9D30200DE06B4 /* OnlineShopCourse */ = {
			isa = PBXGroup;
			children = (
				9653591C28F9D30200DE06B4 /* OnlineShopCourseApp.swift */,
				9653591E28F9D30200DE06B4 /* OnlineShopView.swift */,
				963BFBEA28FB145400C7B182 /* Global */,
				963BFBE328FB124400C7B182 /* Modules */,
				9653592C28F9D45900DE06B4 /* Pages */,
				9653592028F9D30400DE06B4 /* Assets.xcassets */,
				9653592228F9D30400DE06B4 /* Preview Content */,
			);
			path = OnlineShopCourse;
			sourceTree = "<group>";
		};
		9653592228F9D30400DE06B4 /* Preview Content */ = {
			isa = PBXGroup;
			children = (
				9653592328F9D30400DE06B4 /* Preview Assets.xcassets */,
			);
			path = "Preview Content";
			sourceTree = "<group>";
		};
		9653592C28F9D45900DE06B4 /* Pages */ = {
			isa = PBXGroup;
			children = (
				9653592D28F9D46500DE06B4 /* HomeView.swift */,
				9653593128F9D49600DE06B4 /* CartView.swift */,
				9653593328F9D4A600DE06B4 /* ProfileView.swift */,
			);
			path = Pages;
			sourceTree = "<group>";
		};
		9653593528F9D4B700DE06B4 /* Extensions */ = {
			isa = PBXGroup;
			children = (
				9653592A28F9D39900DE06B4 /* ColorTheme.swift */,
				9616106F28FBEB7000E6823D /* Double.swift */,
			);
			path = Extensions;
			sourceTree = "<group>";
		};
/* End PBXGroup section */

/* Begin PBXNativeTarget section */
		9653591828F9D30200DE06B4 /* OnlineShopCourse */ = {
			isa = PBXNativeTarget;
			buildConfigurationList = 9653592728F9D30400DE06B4 /* Build configuration list for PBXNativeTarget "OnlineShopCourse" */;
			buildPhases = (
				9653591528F9D30200DE06B4 /* Sources */,
				9653591628F9D30200DE06B4 /* Frameworks */,
				9653591728F9D30200DE06B4 /* Resources */,
			);
			buildRules = (
			);
			dependencies = (
			);
			name = OnlineShopCourse;
			productName = OnlineShopCourse;
			productReference = 9653591928F9D30200DE06B4 /* OnlineShopCourse.app */;
			productType = "com.apple.product-type.application";
		};
/* End PBXNativeTarget section */

/* Begin PBXProject section */
		9653591128F9D30100DE06B4 /* Project object */ = {
			isa = PBXProject;
			attributes = {
				BuildIndependentTargetsInParallel = 1;
				LastSwiftUpdateCheck = 1340;
				LastUpgradeCheck = 1340;
				TargetAttributes = {
					9653591828F9D30200DE06B4 = {
						CreatedOnToolsVersion = 13.4.1;
					};
				};
			};
			buildConfigurationList = 9653591428F9D30100DE06B4 /* Build configuration list for PBXProject "OnlineShopCourse" */;
			compatibilityVersion = "Xcode 13.0";
			developmentRegion = en;
			hasScannedForEncodings = 0;
			knownRegions = (
				en,
				Base,
			);
			mainGroup = 9653591028F9D30100DE06B4;
			productRefGroup = 9653591A28F9D30200DE06B4 /* Products */;
			projectDirPath = "";
			projectRoot = "";
			targets = (
				9653591828F9D30200DE06B4 /* OnlineShopCourse */,
			);
		};
/* End PBXProject section */

/* Begin PBXResourcesBuildPhase section */
		9653591728F9D30200DE06B4 /* Resources */ = {
			isa = PBXResourcesBuildPhase;
			buildActionMask = 2147483647;
			files = (
				9653592428F9D30400DE06B4 /* Preview Assets.xcassets in Resources */,
				9653592128F9D30400DE06B4 /* Assets.xcassets in Resources */,
			);
			runOnlyForDeploymentPostprocessing = 0;
		};
/* End PBXResourcesBuildPhase section */

/* Begin PBXSourcesBuildPhase section */
		9653591528F9D30200DE06B4 /* Sources */ = {
			isa = PBXSourcesBuildPhase;
			buildActionMask = 2147483647;
			files = (
				9653593228F9D49600DE06B4 /* CartView.swift in Sources */,
				9653592B28F9D39900DE06B4 /* ColorTheme.swift in Sources */,
				9653592E28F9D46500DE06B4 /* HomeView.swift in Sources */,
				9653591F28F9D30200DE06B4 /* OnlineShopView.swift in Sources */,
				9616107028FBEB7000E6823D /* Double.swift in Sources */,
				963BFBE928FB144E00C7B182 /* Settings.swift in Sources */,
				9616106E28FBE80400E6823D /* ProductDetailView.swift in Sources */,
				9653593028F9D48700DE06B4 /* ShopView.swift in Sources */,
				963BFBE528FB127200C7B182 /* ShopModel.swift in Sources */,
				9653593428F9D4A600DE06B4 /* ProfileView.swift in Sources */,
				9653591D28F9D30200DE06B4 /* OnlineShopCourseApp.swift in Sources */,
				963BFBEC28FB14DE00C7B182 /* ProductCardView.swift in Sources */,
				963BFBE728FB12E200C7B182 /* ShopViewModel.swift in Sources */,
			);
			runOnlyForDeploymentPostprocessing = 0;
		};
/* End PBXSourcesBuildPhase section */

/* Begin XCBuildConfiguration section */
		9653592528F9D30400DE06B4 /* Debug */ = {
			isa = XCBuildConfiguration;
			buildSettings = {
				ALWAYS_SEARCH_USER_PATHS = NO;
				CLANG_ANALYZER_NONNULL = YES;
				CLANG_ANALYZER_NUMBER_OBJECT_CONVERSION = YES_AGGRESSIVE;
				CLANG_CXX_LANGUAGE_STANDARD = "gnu++17";
				CLANG_ENABLE_MODULES = YES;
				CLANG_ENABLE_OBJC_ARC = YES;
				CLANG_ENABLE_OBJC_WEAK = YES;
				CLANG_WARN_BLOCK_CAPTURE_AUTORELEASING = YES;
				CLANG_WARN_BOOL_CONVERSION = YES;
				CLANG_WARN_COMMA = YES;
				CLANG_WARN_CONSTANT_CONVERSION = YES;
				CLANG_WARN_DEPRECATED_OBJC_IMPLEMENTATIONS = YES;
				CLANG_WARN_DIRECT_OBJC_ISA_USAGE = YES_ERROR;
				CLANG_WARN_DOCUMENTATION_COMMENTS = YES;
				CLANG_WARN_EMPTY_BODY = YES;
				CLANG_WARN_ENUM_CONVERSION = YES;
				CLANG_WARN_INFINITE_RECURSION = YES;
				CLANG_WARN_INT_CONVERSION = YES;
				CLANG_WARN_NON_LITERAL_NULL_CONVERSION = YES;
				CLANG_WARN_OBJC_IMPLICIT_RETAIN_SELF = YES;
				CLANG_WARN_OBJC_LITERAL_CONVERSION = YES;
				CLANG_WARN_OBJC_ROOT_CLASS = YES_ERROR;
				CLANG_WARN_QUOTED_INCLUDE_IN_FRAMEWORK_HEADER = YES;
				CLANG_WARN_RANGE_LOOP_ANALYSIS = YES;
				CLANG_WARN_STRICT_PROTOTYPES = YES;
				CLANG_WARN_SUSPICIOUS_MOVE = YES;
				CLANG_WARN_UNGUARDED_AVAILABILITY = YES_AGGRESSIVE;
				CLANG_WARN_UNREACHABLE_CODE = YES;
				CLANG_WARN__DUPLICATE_METHOD_MATCH = YES;
				COPY_PHASE_STRIP = NO;
				DEBUG_INFORMATION_FORMAT = dwarf;
				ENABLE_STRICT_OBJC_MSGSEND = YES;
				ENABLE_TESTABILITY = YES;
				GCC_C_LANGUAGE_STANDARD = gnu11;
				GCC_DYNAMIC_NO_PIC = NO;
				GCC_NO_COMMON_BLOCKS = YES;
				GCC_OPTIMIZATION_LEVEL = 0;
				GCC_PREPROCESSOR_DEFINITIONS = (
					"DEBUG=1",
					"$(inherited)",
				);
				GCC_WARN_64_TO_32_BIT_CONVERSION = YES;
				GCC_WARN_ABOUT_RETURN_TYPE = YES_ERROR;
				GCC_WARN_UNDECLARED_SELECTOR = YES;
				GCC_WARN_UNINITIALIZED_AUTOS = YES_AGGRESSIVE;
				GCC_WARN_UNUSED_FUNCTION = YES;
				GCC_WARN_UNUSED_VARIABLE = YES;
				IPHONEOS_DEPLOYMENT_TARGET = 15.5;
				MTL_ENABLE_DEBUG_INFO = INCLUDE_SOURCE;
				MTL_FAST_MATH = YES;
				ONLY_ACTIVE_ARCH = YES;
				SDKROOT = iphoneos;
				SWIFT_ACTIVE_COMPILATION_CONDITIONS = DEBUG;
				SWIFT_OPTIMIZATION_LEVEL = "-Onone";
			};
			name = Debug;
		};
		9653592628F9D30400DE06B4 /* Release */ = {
			isa = XCBuildConfiguration;
			buildSettings = {
				ALWAYS_SEARCH_USER_PATHS = NO;
				CLANG_ANALYZER_NONNULL = YES;
				CLANG_ANALYZER_NUMBER_OBJECT_CONVERSION = YES_AGGRESSIVE;
				CLANG_CXX_LANGUAGE_STANDARD = "gnu++17";
				CLANG_ENABLE_MODULES = YES;
				CLANG_ENABLE_OBJC_ARC = YES;
				CLANG_ENABLE_OBJC_WEAK = YES;
				CLANG_WARN_BLOCK_CAPTURE_AUTORELEASING = YES;
				CLANG_WARN_BOOL_CONVERSION = YES;
				CLANG_WARN_COMMA = YES;
				CLANG_WARN_CONSTANT_CONVERSION = YES;
				CLANG_WARN_DEPRECATED_OBJC_IMPLEMENTATIONS = YES;
				CLANG_WARN_DIRECT_OBJC_ISA_USAGE = YES_ERROR;
				CLANG_WARN_DOCUMENTATION_COMMENTS = YES;
				CLANG_WARN_EMPTY_BODY = YES;
				CLANG_WARN_ENUM_CONVERSION = YES;
				CLANG_WARN_INFINITE_RECURSION = YES;
				CLANG_WARN_INT_CONVERSION = YES;
				CLANG_WARN_NON_LITERAL_NULL_CONVERSION = YES;
				CLANG_WARN_OBJC_IMPLICIT_RETAIN_SELF = YES;
				CLANG_WARN_OBJC_LITERAL_CONVERSION = YES;
				CLANG_WARN_OBJC_ROOT_CLASS = YES_ERROR;
				CLANG_WARN_QUOTED_INCLUDE_IN_FRAMEWORK_HEADER = YES;
				CLANG_WARN_RANGE_LOOP_ANALYSIS = YES;
				CLANG_WARN_STRICT_PROTOTYPES = YES;
				CLANG_WARN_SUSPICIOUS_MOVE = YES;
				CLANG_WARN_UNGUARDED_AVAILABILITY = YES_AGGRESSIVE;
				CLANG_WARN_UNREACHABLE_CODE = YES;
				CLANG_WARN__DUPLICATE_METHOD_MATCH = YES;
				COPY_PHASE_STRIP = NO;
				DEBUG_INFORMATION_FORMAT = "dwarf-with-dsym";
				ENABLE_NS_ASSERTIONS = NO;
				ENABLE_STRICT_OBJC_MSGSEND = YES;
				GCC_C_LANGUAGE_STANDARD = gnu11;
				GCC_NO_COMMON_BLOCKS = YES;
				GCC_WARN_64_TO_32_BIT_CONVERSION = YES;
				GCC_WARN_ABOUT_RETURN_TYPE = YES_ERROR;
				GCC_WARN_UNDECLARED_SELECTOR = YES;
				GCC_WARN_UNINITIALIZED_AUTOS = YES_AGGRESSIVE;
				GCC_WARN_UNUSED_FUNCTION = YES;
				GCC_WARN_UNUSED_VARIABLE = YES;
				IPHONEOS_DEPLOYMENT_TARGET = 15.5;
				MTL_ENABLE_DEBUG_INFO = NO;
				MTL_FAST_MATH = YES;
				SDKROOT = iphoneos;
				SWIFT_COMPILATION_MODE = wholemodule;
				SWIFT_OPTIMIZATION_LEVEL = "-O";
				VALIDATE_PRODUCT = YES;
			};
			name = Release;
		};
		9653592828F9D30400DE06B4 /* Debug */ = {
			isa = XCBuildConfiguration;
			buildSettings = {
				ASSETCATALOG_COMPILER_APPICON_NAME = AppIcon;
				ASSETCATALOG_COMPILER_GLOBAL_ACCENT_COLOR_NAME = AccentColor;
				CODE_SIGN_STYLE = Automatic;
				CURRENT_PROJECT_VERSION = 1;
				DEVELOPMENT_ASSET_PATHS = "\"OnlineShopCourse/Preview Content\"";
				DEVELOPMENT_TEAM = 4AKDGKWD78;
				ENABLE_PREVIEWS = YES;
				GENERATE_INFOPLIST_FILE = YES;
				INFOPLIST_KEY_UIApplicationSceneManifest_Generation = YES;
				INFOPLIST_KEY_UIApplicationSupportsIndirectInputEvents = YES;
				INFOPLIST_KEY_UILaunchScreen_Generation = YES;
				INFOPLIST_KEY_UISupportedInterfaceOrientations_iPad = "UIInterfaceOrientationPortrait UIInterfaceOrientationPortraitUpsideDown UIInterfaceOrientationLandscapeLeft UIInterfaceOrientationLandscapeRight";
				INFOPLIST_KEY_UISupportedInterfaceOrientations_iPhone = "UIInterfaceOrientationPortrait UIInterfaceOrientationLandscapeLeft UIInterfaceOrientationLandscapeRight";
				LD_RUNPATH_SEARCH_PATHS = (
					"$(inherited)",
					"@executable_path/Frameworks",
				);
				MARKETING_VERSION = 1.0;
				PRODUCT_BUNDLE_IDENTIFIER = TerraSky.OnlineShopCourse;
				PRODUCT_NAME = "$(TARGET_NAME)";
				SWIFT_EMIT_LOC_STRINGS = YES;
				SWIFT_VERSION = 5.0;
				TARGETED_DEVICE_FAMILY = "1,2";
			};
			name = Debug;
		};
		9653592928F9D30400DE06B4 /* Release */ = {
			isa = XCBuildConfiguration;
			buildSettings = {
				ASSETCATALOG_COMPILER_APPICON_NAME = AppIcon;
				ASSETCATALOG_COMPILER_GLOBAL_ACCENT_COLOR_NAME = AccentColor;
				CODE_SIGN_STYLE = Automatic;
				CURRENT_PROJECT_VERSION = 1;
				DEVELOPMENT_ASSET_PATHS = "\"OnlineShopCourse/Preview Content\"";
				DEVELOPMENT_TEAM = 4AKDGKWD78;
				ENABLE_PREVIEWS = YES;
				GENERATE_INFOPLIST_FILE = YES;
				INFOPLIST_KEY_UIApplicationSceneManifest_Generation = YES;
				INFOPLIST_KEY_UIApplicationSupportsIndirectInputEvents = YES;
				INFOPLIST_KEY_UILaunchScreen_Generation = YES;
				INFOPLIST_KEY_UISupportedInterfaceOrientations_iPad = "UIInterfaceOrientationPortrait UIInterfaceOrientationPortraitUpsideDown UIInterfaceOrientationLandscapeLeft UIInterfaceOrientationLandscapeRight";
				INFOPLIST_KEY_UISupportedInterfaceOrientations_iPhone = "UIInterfaceOrientationPortrait UIInterfaceOrientationLandscapeLeft UIInterfaceOrientationLandscapeRight";
				LD_RUNPATH_SEARCH_PATHS = (
					"$(inherited)",
					"@executable_path/Frameworks",
				);
				MARKETING_VERSION = 1.0;
				PRODUCT_BUNDLE_IDENTIFIER = TerraSky.OnlineShopCourse;
				PRODUCT_NAME = "$(TARGET_NAME)";
				SWIFT_EMIT_LOC_STRINGS = YES;
				SWIFT_VERSION = 5.0;
				TARGETED_DEVICE_FAMILY = "1,2";
			};
			name = Release;
		};
/* End XCBuildConfiguration section */

/* Begin XCConfigurationList section */
		9653591428F9D30100DE06B4 /* Build configuration list for PBXProject "OnlineShopCourse" */ = {
			isa = XCConfigurationList;
			buildConfigurations = (
				9653592528F9D30400DE06B4 /* Debug */,
				9653592628F9D30400DE06B4 /* Release */,
			);
			defaultConfigurationIsVisible = 0;
			defaultConfigurationName = Release;
		};
		9653592728F9D30400DE06B4 /* Build configuration list for PBXNativeTarget "OnlineShopCourse" */ = {
			isa = XCConfigurationList;
			buildConfigurations = (
				9653592828F9D30400DE06B4 /* Debug */,
				9653592928F9D30400DE06B4 /* Release */,
			);
			defaultConfigurationIsVisible = 0;
			defaultConfigurationName = Release;
		};
/* End XCConfigurationList section */
	};
	rootObject = 9653591128F9D30100DE06B4 /* Project object */;
}
